<Solution>
  <Project Path="ConsoleUserInterface/ConsoleUserInterface.csproj" Id="7eec6c9d-3b84-485a-91cf-62779459f05f" />
  <Project Path="Core/Core.csproj" />
  <Project Path="Data/Data.csproj" />
  <Project Path="Service/Service.csproj" />
  <Project Path="Tests/Tests.csproj" Id="aad2db06-e305-4357-99a3-31041bcadce1" />
</Solution>
